{
    "_meta": {
        "hash": {
            "sha256": "c535b09a2cfceccdb76ef091273504b1919ca321e2a18915496011939bd42791"
        },
        "pipfile-spec": 6,
        "requires": {
            "python_version": "3.12"
        },
        "sources": [
            {
                "name": "pypi",
                "url": "https://pypi.org/simple",
                "verify_ssl": true
            }
        ]
    },
    "default": {
        "libgentools": {
            "hashes": [
                "sha256:3a2cfdcac5b48b8092096270d75b36b7d73be881cc06a9e7099b948f6601c08c",
                "sha256:9373b51cfdd6348ec6c086b3bc0e73ea6285b05add314a1dd99a4415ba816ab3"
            ],
            "index": "pypi",
            "markers": "python_version >= '3.12'",
            "version": "==0.0.1"
        }
    },
    "develop": {}
}
